PODS:
  - Alamofire (4.7.3)
  - Base64 (1.1.2)
  - Bugsnag (5.16.4)
  - DeviceGuru (4.0.4)
  - Firebase/Analytics (5.1.0):
    - Firebase/Core
  - Firebase/Core (5.1.0):
    - Firebase/CoreOnly
    - FirebaseAnalytics (= 5.0.1)
  - Firebase/CoreOnly (5.1.0):
    - FirebaseCore (= 5.0.2)
  - FirebaseAnalytics (5.0.1):
    - FirebaseCore (~> 5.0)
    - FirebaseInstanceID (~> 3.0)
    - "GoogleToolboxForMac/NSData+zlib (~> 2.1)"
    - nanopb (~> 0.3)
  - FirebaseCore (5.0.2):
    - "GoogleToolboxForMac/NSData+zlib (~> 2.1)"
  - FirebaseInstanceID (3.0.0):
    - FirebaseCore (~> 5.0)
  - GoogleToolboxForMac/Defines (2.1.4)
  - "GoogleToolboxForMac/NSData+zlib (2.1.4)":
    - GoogleToolboxForMac/Defines (= 2.1.4)
  - GzipSwift (4.0.4)
  - JWT (3.0.0-beta.8):
    - Base64 (~> 1.1.2)
  - nanopb (0.3.8):
    - nanopb/decode (= 0.3.8)
    - nanopb/encode (= 0.3.8)
  - nanopb/decode (0.3.8)
  - nanopb/encode (0.3.8)
  - PhoneNumberKit (2.1.0):
    - PhoneNumberKit/PhoneNumberKitCore (= 2.1.0)
    - PhoneNumberKit/UIKit (= 2.1.0)
  - PhoneNumberKit/PhoneNumberKitCore (2.1.0)
  - PhoneNumberKit/UIKit (2.1.0):
    - PhoneNumberKit/PhoneNumberKitCore
  - RSKImageCropper (2.0.1)
  - SDWebImage/Core (5.0.0-beta3)
  - SDWebImageYYPlugin/YYImage (0.1.1):
    - SDWebImage/Core (>= 5.0.0-beta3)
    - YYImage/Core
  - SignalProtocolC (2.3.1)
  - SnapKit (4.0.0)
  - SocketRocket (0.5.1)
  - SwiftMessages (4.1.4):
    - SwiftMessages/App (= 4.1.4)
  - SwiftMessages/App (4.1.4)
  - WCDB.swift (1.0.6.2):
    - WCDB.swift/sqlcipher (= 1.0.6.2)
  - WCDB.swift/sqlcipher (1.0.6.2)
  - YYImage/Core (1.0.4)
  - YYImage/WebP (1.0.4):
    - YYImage/Core
  - Zip (1.1.0)

DEPENDENCIES:
  - Alamofire
  - Bugsnag
  - DeviceGuru
  - Firebase/Analytics
  - Firebase/Core
  - GzipSwift
  - JWT (~> 3.0.0-beta.7)
  - PhoneNumberKit
  - RSKImageCropper
  - SDWebImageYYPlugin/YYImage
  - "SignalProtocolC (from `git@github.com:MixinMessenger/SignalProtocolC.git`)"
  - SnapKit (~> 4.0.0)
  - SocketRocket
  - SwiftMessages
  - "WCDB.swift (from `git@github.com:wuyuehyang/wcdb.git`)"
  - YYImage/WebP
  - Zip (~> 1.1)

SPEC REPOS:
  https://github.com/cocoapods/specs.git:
    - Alamofire
    - Base64
    - Bugsnag
    - DeviceGuru
    - Firebase
    - FirebaseAnalytics
    - FirebaseCore
    - FirebaseInstanceID
    - GoogleToolboxForMac
    - GzipSwift
    - JWT
    - nanopb
    - PhoneNumberKit
    - RSKImageCropper
    - SDWebImage
    - SDWebImageYYPlugin
    - SnapKit
    - SocketRocket
    - SwiftMessages
    - YYImage
    - Zip

EXTERNAL SOURCES:
  SignalProtocolC:
    :git: "git@github.com:MixinMessenger/SignalProtocolC.git"
    :submodules: true
  WCDB.swift:
    :git: "git@github.com:wuyuehyang/wcdb.git"

CHECKOUT OPTIONS:
  SignalProtocolC:
    :commit: 31f5f56a03b54ecba250040e1c5cd8acf44ed50e
    :git: "git@github.com:MixinMessenger/SignalProtocolC.git"
    :submodules: true
  WCDB.swift:
    :commit: b58ca8b6e8558ae488e96190625e06497848a7ef
    :git: "git@github.com:wuyuehyang/wcdb.git"

SPEC CHECKSUMS:
  Alamofire: c7287b6e5d7da964a70935e5db17046b7fde6568
  Base64: cecfb41a004124895a7bcee567a89bae5a89d49b
  Bugsnag: c284912353b72113b549e9bcedb1277ab08a0ecc
  DeviceGuru: 7b66c69ad373db7d8288993e4b8aacc6eb625265
  Firebase: e08fb0795f35707aeb1d8a715c731c45bdf6fd56
  FirebaseAnalytics: b3628aea54c50464c32c393fb2ea032566e7ecc2
  FirebaseCore: b81044df1044c0857a0737c6324678b72d4f7f00
  FirebaseInstanceID: 83e0040351565df711a5db3d8ebe5ea21aca998a
  GoogleToolboxForMac: 91c824d21e85b31c2aae9bb011c5027c9b4e738f
  GzipSwift: 1a5bc5f7827e09846b0635b5079f1224bc3b1c3a
  JWT: 6e7ec473b6febcb7498affc84f0e75d393914411
  nanopb: 5601e6bca2dbf1ed831b519092ec110f66982ca3
  PhoneNumberKit: 62003f40ff75315fd3738286558bc365365ac222
  RSKImageCropper: 50d5a3e4160f0309b14d75b89d5ae2f496d56e0d
  SDWebImage: e52654ceef9fdc19f4c612d64a5b6d3f05dd81a4
  SDWebImageYYPlugin: 9d51da357b0d810ecfe63501e2d65ca87dc7334d
  SignalProtocolC: d46237ab35954a8d1213faabf4baa783591c49ab
  SnapKit: a42d492c16e80209130a3379f73596c3454b7694
  SocketRocket: d57c7159b83c3c6655745cd15302aa24b6bae531
  SwiftMessages: 2c33fdee8b8f38dfc7e1036684456b505891da8c
  WCDB.swift: 4f0f3e19085546ef85a69b5087ec5e1dec0f88b1
  YYImage: 1e1b62a9997399593e4b9c4ecfbbabbf1d3f3b54
  Zip: 8877eede3dda76bcac281225c20e71c25270774c

PODFILE CHECKSUM: d5ed9a0a0a4b6c3df2e23141c8747814651cee99

COCOAPODS: 1.6.0.beta.1
