PODS:
  - AcknowList (1.9.5)
  - Alamofire (5.4.1)
  - AlignedCollectionViewFlowLayout (1.1.2)
  - AppCenter (4.1.0):
    - AppCenter/Analytics (= 4.1.0)
    - AppCenter/Crashes (= 4.1.0)
  - AppCenter/Analytics (4.1.0):
    - AppCenter/Core
  - AppCenter/Core (4.1.0)
  - AppCenter/Crashes (4.1.0):
    - AppCenter/Core
  - BoringSSL (10.0.6):
    - BoringSSL/Implementation (= 10.0.6)
    - BoringSSL/Interface (= 10.0.6)
  - BoringSSL/Implementation (10.0.6):
    - BoringSSL/Interface (= 10.0.6)
  - BoringSSL/Interface (10.0.6)
  - DeviceGuru (7.0.1):
    - DeviceGuru/DeviceGuru (= 7.0.1)
  - DeviceGuru/DeviceGuru (7.0.1):
    - DeviceGuru/Resources
  - DeviceGuru/Resources (7.0.1)
  - Firebase/Analytics (7.7.0):
    - Firebase/Core
  - Firebase/Core (7.7.0):
    - Firebase/CoreOnly
    - FirebaseAnalytics (= 7.7.0)
  - Firebase/CoreOnly (7.7.0):
    - FirebaseCore (= 7.7.0)
  - Firebase/Crashlytics (7.7.0):
    - Firebase/CoreOnly
    - FirebaseCrashlytics (~> 7.7.0)
  - Firebase/Performance (7.7.0):
    - Firebase/CoreOnly
    - FirebasePerformance (~> 7.7.0)
  - FirebaseABTesting (7.7.0):
    - FirebaseCore (~> 7.0)
  - FirebaseAnalytics (7.7.0):
    - FirebaseCore (~> 7.0)
    - FirebaseInstallations (~> 7.0)
    - GoogleAppMeasurement (= 7.7.0)
    - GoogleUtilities/AppDelegateSwizzler (~> 7.0)
    - GoogleUtilities/MethodSwizzler (~> 7.0)
    - GoogleUtilities/Network (~> 7.0)
    - "GoogleUtilities/NSData+zlib (~> 7.0)"
    - nanopb (~> 2.30907.0)
  - FirebaseCore (7.7.0):
    - FirebaseCoreDiagnostics (~> 7.4)
    - GoogleUtilities/Environment (~> 7.0)
    - GoogleUtilities/Logger (~> 7.0)
  - FirebaseCoreDiagnostics (7.7.0):
    - GoogleDataTransport (~> 8.0)
    - GoogleUtilities/Environment (~> 7.0)
    - GoogleUtilities/Logger (~> 7.0)
    - nanopb (~> 2.30907.0)
  - FirebaseCrashlytics (7.7.0):
    - FirebaseCore (~> 7.0)
    - FirebaseInstallations (~> 7.0)
    - GoogleDataTransport (~> 8.0)
    - nanopb (~> 2.30907.0)
    - PromisesObjC (~> 1.2)
  - FirebaseInstallations (7.7.0):
    - FirebaseCore (~> 7.0)
    - GoogleUtilities/Environment (~> 7.0)
    - GoogleUtilities/UserDefaults (~> 7.0)
    - PromisesObjC (~> 1.2)
  - FirebasePerformance (7.7.0):
    - FirebaseCore (~> 7.0)
    - FirebaseInstallations (~> 7.0)
    - FirebaseRemoteConfig (~> 7.0)
    - GoogleDataTransport (~> 8.2)
    - GoogleUtilities/Environment (~> 7.0)
    - GoogleUtilities/ISASwizzler (~> 7.0)
    - GoogleUtilities/MethodSwizzler (~> 7.0)
    - Protobuf (~> 3.12)
  - FirebaseRemoteConfig (7.7.0):
    - FirebaseABTesting (~> 7.0)
    - FirebaseCore (~> 7.0)
    - FirebaseInstallations (~> 7.0)
    - GoogleUtilities/Environment (~> 7.0)
    - "GoogleUtilities/NSData+zlib (~> 7.0)"
  - GCDWebServer (3.5.4):
    - GCDWebServer/Core (= 3.5.4)
  - GCDWebServer/Core (3.5.4)
  - GCDWebServer/WebDAV (3.5.4):
    - GCDWebServer/Core
  - GoogleAppMeasurement (7.7.0):
    - GoogleUtilities/AppDelegateSwizzler (~> 7.0)
    - GoogleUtilities/MethodSwizzler (~> 7.0)
    - GoogleUtilities/Network (~> 7.0)
    - "GoogleUtilities/NSData+zlib (~> 7.0)"
    - nanopb (~> 2.30907.0)
  - GoogleDataTransport (8.2.0):
    - nanopb (~> 2.30907.0)
  - GoogleUtilities/AppDelegateSwizzler (7.2.2):
    - GoogleUtilities/Environment
    - GoogleUtilities/Logger
    - GoogleUtilities/Network
  - GoogleUtilities/Environment (7.2.2):
    - PromisesObjC (~> 1.2)
  - GoogleUtilities/ISASwizzler (7.2.2)
  - GoogleUtilities/Logger (7.2.2):
    - GoogleUtilities/Environment
  - GoogleUtilities/MethodSwizzler (7.2.2):
    - GoogleUtilities/Logger
  - GoogleUtilities/Network (7.2.2):
    - GoogleUtilities/Logger
    - "GoogleUtilities/NSData+zlib"
    - GoogleUtilities/Reachability
  - "GoogleUtilities/NSData+zlib (7.2.2)"
  - GoogleUtilities/Reachability (7.2.2):
    - GoogleUtilities/Logger
  - GoogleUtilities/UserDefaults (7.2.2):
    - GoogleUtilities/Logger
  - GRDB.swift/SQLCipher (5.5.0):
    - SQLCipher (>= 3.4.0)
  - GzipSwift (5.1.1)
  - Highlightr (2.1.0)
  - libcmark_gfm (0.29.3)
  - libsignal-protocol-c (2.3.2)
  - lottie-ios (2.5.3)
  - Maaku/CMark (0.9.2):
    - libcmark_gfm (~> 0.29.3)
  - Maaku/Core (0.9.2):
    - Maaku/CMark
  - MixinServices (0.1.0):
    - Alamofire
    - AppCenter
    - BoringSSL
    - DeviceGuru
    - GRDB.swift/SQLCipher
    - GzipSwift
    - libsignal-protocol-c
    - lottie-ios
    - SDWebImage
    - SDWebImageYYPlugin/YYImage
    - SocketRocket
    - SQLCipher (~> 4.0)
    - SwiftyMarkdown
    - YYImage/WebP
    - Zip
  - MixinServices/DatabaseTests (0.1.0):
    - Alamofire
    - AppCenter
    - BoringSSL
    - DeviceGuru
    - GRDB.swift/SQLCipher
    - GzipSwift
    - libsignal-protocol-c
    - lottie-ios
    - SDWebImage
    - SDWebImageYYPlugin/YYImage
    - SocketRocket
    - SQLCipher (~> 4.0)
    - SwiftyMarkdown
    - YYImage/WebP
    - Zip
  - nanopb (2.30907.0):
    - nanopb/decode (= 2.30907.0)
    - nanopb/encode (= 2.30907.0)
  - nanopb/decode (2.30907.0)
  - nanopb/encode (2.30907.0)
  - PhoneNumberKit (3.3.3):
    - PhoneNumberKit/PhoneNumberKitCore (= 3.3.3)
    - PhoneNumberKit/UIKit (= 3.3.3)
  - PhoneNumberKit/PhoneNumberKitCore (3.3.3)
  - PhoneNumberKit/UIKit (3.3.3):
    - PhoneNumberKit/PhoneNumberKitCore
  - PINCache (3.0.3):
    - PINCache/Arc-exception-safe (= 3.0.3)
    - PINCache/Core (= 3.0.3)
  - PINCache/Arc-exception-safe (3.0.3):
    - PINCache/Core
  - PINCache/Core (3.0.3):
    - PINOperation (~> 1.2.1)
  - PINOperation (1.2.1)
  - PINRemoteImage/Core (3.0.3):
    - PINOperation
  - PINRemoteImage/iOS (3.0.3):
    - PINRemoteImage/Core
  - PINRemoteImage/PINCache (3.0.3):
    - PINCache (~> 3.0.3)
    - PINRemoteImage/Core
  - PromisesObjC (1.2.12)
  - Protobuf (3.14.0)
  - R.swift (5.4.0):
    - R.swift.Library (~> 5.3.0)
  - R.swift.Library (5.3.0)
  - RSKImageCropper (3.0.2)
  - SDWebImage (5.10.4):
    - SDWebImage/Core (= 5.10.4)
  - SDWebImage/Core (5.10.4)
  - SDWebImageYYPlugin/YYImage (0.7.0):
    - SDWebImage/Core (~> 5.10)
    - YYImage/Core
  - SnapKit (5.0.1)
  - SocketRocket (0.5.1)
  - SQLCipher (4.4.3):
    - SQLCipher/standard (= 4.4.3)
  - SQLCipher/common (4.4.3)
  - SQLCipher/standard (4.4.3):
    - SQLCipher/common
  - SwiftyMarkdown (1.2.3)
  - Texture (3.0.0):
    - Texture/AssetsLibrary (= 3.0.0)
    - Texture/Core (= 3.0.0)
    - Texture/MapKit (= 3.0.0)
    - Texture/Photos (= 3.0.0)
    - Texture/PINRemoteImage (= 3.0.0)
    - Texture/Video (= 3.0.0)
  - Texture/AssetsLibrary (3.0.0):
    - Texture/Core
  - Texture/Core (3.0.0)
  - Texture/MapKit (3.0.0):
    - Texture/Core
  - Texture/Photos (3.0.0):
    - Texture/Core
  - Texture/PINRemoteImage (3.0.0):
    - PINRemoteImage/iOS (~> 3.0.0)
    - PINRemoteImage/PINCache
    - Texture/Core
  - Texture/Video (3.0.0):
    - Texture/Core
  - TexturedMaaku (0.7.0):
    - TexturedMaaku/Core (= 0.7.0)
  - TexturedMaaku/Core (0.7.0):
    - Maaku/Core
    - Texture
  - TexturedMaaku/SyntaxColors (0.7.0):
    - Highlightr
  - YYImage (1.0.4):
    - YYImage/Core (= 1.0.4)
  - YYImage/Core (1.0.4)
  - YYImage/WebP (1.0.4):
    - YYImage/Core
  - Zip (2.1.1)

DEPENDENCIES:
  - AcknowList
  - AlignedCollectionViewFlowLayout
  - Firebase/Analytics
  - Firebase/Core
  - Firebase/Crashlytics
  - Firebase/Performance
  - GCDWebServer
  - GCDWebServer/WebDAV
  - Highlightr (from `https://github.com/wuyuehyang/Highlightr.git`, branch `master`)
  - libsignal-protocol-c (from `https://github.com/MixinNetwork/libsignal-protocol-c.git`)
  - lottie-ios (from `https://github.com/airbnb/lottie-ios.git`, branch `lottie/objectiveC`)
  - MixinServices (from `./MixinServices`)
  - MixinServices/DatabaseTests (from `./MixinServices`)
  - PhoneNumberKit
  - R.swift
  - RSKImageCropper
  - SnapKit
  - SwiftyMarkdown (from `https://github.com/wuyuehyang/SwiftyMarkdown.git`)
  - Texture (from `https://github.com/TextureGroup/Texture.git`, branch `master`)
  - TexturedMaaku (from `https://github.com/wuyuehyang/TexturedMaaku.git`, branch `mixin`)
  - TexturedMaaku/SyntaxColors (from `https://github.com/wuyuehyang/TexturedMaaku.git`, branch `mixin`)
  - YYImage (from `https://github.com/wuyuehyang/YYImage.git`)

SPEC REPOS:
  trunk:
    - AcknowList
    - Alamofire
    - AlignedCollectionViewFlowLayout
    - AppCenter
    - BoringSSL
    - DeviceGuru
    - Firebase
    - FirebaseABTesting
    - FirebaseAnalytics
    - FirebaseCore
    - FirebaseCoreDiagnostics
    - FirebaseCrashlytics
    - FirebaseInstallations
    - FirebasePerformance
    - FirebaseRemoteConfig
    - GCDWebServer
    - GoogleAppMeasurement
    - GoogleDataTransport
    - GoogleUtilities
    - GRDB.swift
    - GzipSwift
    - libcmark_gfm
    - Maaku
    - nanopb
    - PhoneNumberKit
    - PINCache
    - PINOperation
    - PINRemoteImage
    - PromisesObjC
    - Protobuf
    - R.swift
    - R.swift.Library
    - RSKImageCropper
    - SDWebImage
    - SDWebImageYYPlugin
    - SnapKit
    - SocketRocket
    - SQLCipher
    - Zip

EXTERNAL SOURCES:
  Highlightr:
    :branch: master
    :git: https://github.com/wuyuehyang/Highlightr.git
  libsignal-protocol-c:
    :git: https://github.com/MixinNetwork/libsignal-protocol-c.git
  lottie-ios:
    :branch: lottie/objectiveC
    :git: https://github.com/airbnb/lottie-ios.git
  MixinServices:
    :path: "./MixinServices"
  SwiftyMarkdown:
    :git: https://github.com/wuyuehyang/SwiftyMarkdown.git
  Texture:
    :branch: master
    :git: https://github.com/TextureGroup/Texture.git
  TexturedMaaku:
    :branch: mixin
    :git: https://github.com/wuyuehyang/TexturedMaaku.git
  YYImage:
    :git: https://github.com/wuyuehyang/YYImage.git

CHECKOUT OPTIONS:
  Highlightr:
    :commit: 9b9fc465efecb7b3c039c8fedc66e4ae4f315ad9
    :git: https://github.com/wuyuehyang/Highlightr.git
  libsignal-protocol-c:
    :commit: 62b85b5b65d202272ce8013c1abc5798a5b26867
    :git: https://github.com/MixinNetwork/libsignal-protocol-c.git
  lottie-ios:
    :commit: 44bda1253360b7ea5698f058f8483e42e26e65bd
    :git: https://github.com/airbnb/lottie-ios.git
  SwiftyMarkdown:
    :commit: 15669399eacbe689a6740726fd1c36dcad1ca85f
    :git: https://github.com/wuyuehyang/SwiftyMarkdown.git
  Texture:
    :commit: 17d4d13463c9676a53ed5ba1c48842241584fb95
    :git: https://github.com/TextureGroup/Texture.git
  TexturedMaaku:
    :commit: a73def5253fcec7b49307001176592b4b431b65d
    :git: https://github.com/wuyuehyang/TexturedMaaku.git
  YYImage:
    :commit: 7acf346c746f6685f46c2fbc3edb1a05a12be827
    :git: https://github.com/wuyuehyang/YYImage.git

SPEC CHECKSUMS:
  AcknowList: 485f0e0da8ff7d5aaa8fb54bbff1da1f065e496c
  Alamofire: 2291f7d21ca607c491dd17642e5d40fdcda0e65c
  AlignedCollectionViewFlowLayout: ee2ef451e741ec08f8e0967d828001e2f051c20a
  AppCenter: 8832b158d17e54845c3b88a91076218f0b07174d
  BoringSSL: e10f92a27043805c01071fe815a5cd98ae8212e7
  DeviceGuru: 73d82f34cddee25d215b35eb4d094b7a44ec187a
  Firebase: cd2ab85eec8170dc260186159f21072ecb679ad5
  FirebaseABTesting: 96117eb86e2fa429520bbf5a3f02caef615f6576
  FirebaseAnalytics: f3f8f75de34fe04141a69bb1c4bd7e24a80178e1
  FirebaseCore: ac35d680a0bf32319a59966a1478e0741536b97b
  FirebaseCoreDiagnostics: 179bf3831213451c8addd036aca7fcf5492ec154
  FirebaseCrashlytics: 47af228115805e190b566db12c028263531b8ce0
  FirebaseInstallations: 42c86e7b02ff75b7f27f85833bf5dcb5f38a9774
  FirebasePerformance: 793dde6a0eafddfebde18af277f29c044e6b0023
  FirebaseRemoteConfig: 44024544404d1195537bd883b60d596d95e129b7
  GCDWebServer: 2c156a56c8226e2d5c0c3f208a3621ccffbe3ce4
  GoogleAppMeasurement: 0c3b134b2c0a90c4c24833873894bfe0e42a0384
  GoogleDataTransport: 1024b1a4dfbd7a0e92cb20d7e0a6f1fb66b449a4
  GoogleUtilities: 31c5b01f978a70c6cff2afc6272b3f1921614b43
  GRDB.swift: 10a3fda76720f3b5438e57d23455e2336226aa4d
  GzipSwift: 893f3e48e597a1a4f62fafcb6514220fcf8287fa
  Highlightr: c687b337a60af6e46a478b4376006168bb5bd7c5
  libcmark_gfm: cbf2fe0fd3983202f00b40d4742d82cd173ff7c3
  libsignal-protocol-c: bf65792f9f777e7d54dfab84bba0379eba42044e
  lottie-ios: 0e760146411886f6104050c932a8e6964853267f
  Maaku: 0eb331f423453177018d0b483068bcc181e135b4
  MixinServices: 2d7bcfecad2a93cb85d4952f583c93d4e495ef91
  nanopb: 59221d7f958fb711001e6a449489542d92ae113e
  PhoneNumberKit: 4ce83273551c4d2ae10b7361162f4283dd02835f
  PINCache: 7a8fc1a691173d21dbddbf86cd515de6efa55086
  PINOperation: 00c935935f1e8cf0d1e2d6b542e75b88fc3e5e20
  PINRemoteImage: f1295b29f8c5e640e25335a1b2bd9d805171bd01
  PromisesObjC: 3113f7f76903778cf4a0586bd1ab89329a0b7b97
  Protobuf: 0cde852566359049847168e51bd1c690e0f70056
  R.swift: c533450b0f7dc494e0993f5f1a1db925d84c3006
  R.swift.Library: 0fc583cb55a99e28901299cc451614cad1161962
  RSKImageCropper: 1ac71e9a82e3f41eea3eedfff8eacb0d3821c9ec
  SDWebImage: c666b97e1fa9c64b4909816a903322018f0a9c84
  SDWebImageYYPlugin: 91d664f814860c27bd4298b32d961f05d342a041
  SnapKit: 97b92857e3df3a0c71833cce143274bf6ef8e5eb
  SocketRocket: d57c7159b83c3c6655745cd15302aa24b6bae531
  SQLCipher: 155ffeafc9ac102e5c9b68e3e9a1297a98a27096
  SwiftyMarkdown: be01b2905694bd7bfd95330cd43704bfdb978aec
  Texture: 41ce7d2fdff193a45cc8cfa3c254115cf776068a
  TexturedMaaku: e868edf580d7466afe381d5380dea6751e9d99ca
  YYImage: 6db68da66f20d9f169ceb94dfb9947c3867b9665
  Zip: 414f59909701fda9a84ab774ebe0f5449b1082cc

PODFILE CHECKSUM: 697a76448bd0b20a429eee98c2b4aaa52cff27d3

COCOAPODS: 1.10.1
